{
  "lockfile_version": "1",
  "packages": {
    "github:NixOS/nixpkgs/nixpkgs-unstable": {
      "last_modified": "2025-05-27T11:07:55Z",
      "resolved": "github:NixOS/nixpkgs/e0042dedfbc9134ef973f64e5c7f56a38cc5cc97?lastModified=1748344075&narHash=sha256-PsZAY3H0e%2FPBoDVn4fLwGEmeSwESj7SZPZ6CMfgbWFU%3D"
    },
    "go@1.24.1": {
      "last_modified": "2025-03-11T17:52:14Z",
      "resolved": "github:NixOS/nixpkgs/0d534853a55b5d02a4ababa1d71921ce8f0aee4c#go",
      "source": "devbox-search",
      "version": "1.24.1",
      "systems": {
        "aarch64-darwin": {
          "outputs": [
            {
              "name": "out",
              "path": "/nix/store/ja4jxx60lh1qfqfl4z4p2rff56ia1c3c-go-1.24.1",
              "default": true
            }
          ],
          "store_path": "/nix/store/ja4jxx60lh1qfqfl4z4p2rff56ia1c3c-go-1.24.1"
        },
        "aarch64-linux": {
          "outputs": [
            {
              "name": "out",
              "path": "/nix/store/8ply43gnxk1xwichr81mpgbjcd9a1y5w-go-1.24.1",
              "default": true
            }
          ],
          "store_path": "/nix/store/8ply43gnxk1xwichr81mpgbjcd9a1y5w-go-1.24.1"
        },
        "x86_64-darwin": {
          "outputs": [
            {
              "name": "out",
              "path": "/nix/store/87yxrfx5lh78bdz393i33cr5z23x06q4-go-1.24.1",
              "default": true
            }
          ],
          "store_path": "/nix/store/87yxrfx5lh78bdz393i33cr5z23x06q4-go-1.24.1"
        },
        "x86_64-linux": {
          "outputs": [
            {
              "name": "out",
              "path": "/nix/store/cfjhl0kn7xc65466pha9fkrvigw3g72n-go-1.24.1",
              "default": true
            }
          ],
          "store_path": "/nix/store/cfjhl0kn7xc65466pha9fkrvigw3g72n-go-1.24.1"
        }
      }
    },
    "golangci-lint@2.0.2": {
      "last_modified": "2025-04-09T17:27:46Z",
      "resolved": "github:NixOS/nixpkgs/67d2b8200c828903b36a6dd0fb952fe424aa0606#golangci-lint",
      "source": "devbox-search",
      "version": "2.0.2",
      "systems": {
        "aarch64-darwin": {
          "outputs": [
            {
              "name": "out",
              "path": "/nix/store/qqi3hbsmbvwgvhmp9gfhhkicmq8320vn-golangci-lint-2.0.2",
              "default": true
            }
          ],
          "store_path": "/nix/store/qqi3hbsmbvwgvhmp9gfhhkicmq8320vn-golangci-lint-2.0.2"
        },
        "aarch64-linux": {
          "outputs": [
            {
              "name": "out",
              "path": "/nix/store/q6cmmcdb9qiy4vbw40zam7cdzx0rfpmm-golangci-lint-2.0.2",
              "default": true
            }
          ],
          "store_path": "/nix/store/q6cmmcdb9qiy4vbw40zam7cdzx0rfpmm-golangci-lint-2.0.2"
        },
        "x86_64-darwin": {
          "outputs": [
            {
              "name": "out",
              "path": "/nix/store/p00zsp099n3cb0dqbbziqs1ghrb9xxi3-golangci-lint-2.0.2",
              "default": true
            }
          ],
          "store_path": "/nix/store/p00zsp099n3cb0dqbbziqs1ghrb9xxi3-golangci-lint-2.0.2"
        },
        "x86_64-linux": {
          "outputs": [
            {
              "name": "out",
              "path": "/nix/store/7dqkhrpn6i52ninr0cndfwhxnkn3lj03-golangci-lint-2.0.2",
              "default": true
            }
          ],
          "store_path": "/nix/store/7dqkhrpn6i52ninr0cndfwhxnkn3lj03-golangci-lint-2.0.2"
        }
      }
    },
    "gopls@0.18.1": {
      "last_modified": "2025-03-29T14:41:00Z",
      "resolved": "github:NixOS/nixpkgs/eb0e0f21f15c559d2ac7633dc81d079d1caf5f5f#gopls",
      "source": "devbox-search",
      "version": "0.18.1",
      "systems": {
        "aarch64-darwin": {
          "outputs": [
            {
              "name": "out",
              "path": "/nix/store/h22v0brf9kmms9jz3fg4wlll1jbxpa9r-gopls-0.18.1",
              "default": true
            }
          ],
          "store_path": "/nix/store/h22v0brf9kmms9jz3fg4wlll1jbxpa9r-gopls-0.18.1"
        },
        "aarch64-linux": {
          "outputs": [
            {
              "name": "out",
              "path": "/nix/store/k8j6s20wg6cdhyri5vid7ch6bazzm55y-gopls-0.18.1",
              "default": true
            }
          ],
          "store_path": "/nix/store/k8j6s20wg6cdhyri5vid7ch6bazzm55y-gopls-0.18.1"
        },
        "x86_64-darwin": {
          "outputs": [
            {
              "name": "out",
              "path": "/nix/store/gp0f8chnr2ggfa9lmhm478x620pffrnl-gopls-0.18.1",
              "default": true
            }
          ],
          "store_path": "/nix/store/gp0f8chnr2ggfa9lmhm478x620pffrnl-gopls-0.18.1"
        },
        "x86_64-linux": {
          "outputs": [
            {
              "name": "out",
              "path": "/nix/store/9jrw0f9snjamw6bbc90yy04m0xd5l6zz-gopls-0.18.1",
              "default": true
            }
          ],
          "store_path": "/nix/store/9jrw0f9snjamw6bbc90yy04m0xd5l6zz-gopls-0.18.1"
        }
      }
    },
    "inotify-tools@4.23.9.0": {
      "last_modified": "2025-02-26T05:29:08Z",
      "resolved": "github:NixOS/nixpkgs/3a05eebede89661660945da1f151959900903b6a#inotify-tools",
      "source": "devbox-search",
      "version": "4.23.9.0",
      "systems": {
        "aarch64-linux": {
          "outputs": [
            {
              "name": "out",
              "path": "/nix/store/zr34knjwfl7vjkhh5rlk44c5g85l49qq-inotify-tools-4.23.9.0",
              "default": true
            }
          ],
          "store_path": "/nix/store/zr34knjwfl7vjkhh5rlk44c5g85l49qq-inotify-tools-4.23.9.0"
        },
        "x86_64-linux": {
          "outputs": [
            {
              "name": "out",
              "path": "/nix/store/1zfx7609dv3ixkckl1kkaig5n5861cbi-inotify-tools-4.23.9.0",
              "default": true
            }
          ],
          "store_path": "/nix/store/1zfx7609dv3ixkckl1kkaig5n5861cbi-inotify-tools-4.23.9.0"
        }
      }
    },
    "openscad@2021.01": {
      "last_modified": "2025-03-11T17:52:14Z",
      "resolved": "github:NixOS/nixpkgs/0d534853a55b5d02a4ababa1d71921ce8f0aee4c#openscad",
      "source": "devbox-search",
      "version": "2021.01",
      "systems": {
        "aarch64-darwin": {
          "outputs": [
            {
              "name": "out",
              "path": "/nix/store/mbnqp4grgb7q3qns13z8078d1g2lk71q-openscad-2021.01",
              "default": true
            }
          ],
          "store_path": "/nix/store/mbnqp4grgb7q3qns13z8078d1g2lk71q-openscad-2021.01"
        },
        "aarch64-linux": {
          "outputs": [
            {
              "name": "out",
              "path": "/nix/store/fnzkjqkvjasa1aab29ab1jfaal3y1spc-openscad-2021.01",
              "default": true
            }
          ],
          "store_path": "/nix/store/fnzkjqkvjasa1aab29ab1jfaal3y1spc-openscad-2021.01"
        },
        "x86_64-darwin": {
          "outputs": [
            {
              "name": "out",
              "path": "/nix/store/z03rjwxi93c1skxvlxjqs14imwdq0rha-openscad-2021.01",
              "default": true
            }
          ],
          "store_path": "/nix/store/z03rjwxi93c1skxvlxjqs14imwdq0rha-openscad-2021.01"
        },
        "x86_64-linux": {
          "outputs": [
            {
              "name": "out",
              "path": "/nix/store/4mfg5camj18q3w1j70y8x4xa814qvf39-openscad-2021.01",
              "default": true
            }
          ],
          "store_path": "/nix/store/4mfg5camj18q3w1j70y8x4xa814qvf39-openscad-2021.01"
        }
      }
    }
  }
}
